
Microsoft Visual Studio Solution File, Format Version 12.00
# Visual Studio Version 17
VisualStudioVersion = 17.11.35222.181
MinimumVisualStudioVersion = 10.0.40219.1
Project("{FAE04EC0-301F-11D3-BF4B-00C04F79EFBC}") = "EISG20240903", "EISG20240903\EISG20240903.csproj", "{888A5D0E-320B-4782-A574-BDA394CF28D6}"
EndProject
Global
	GlobalSection(SolutionConfigurationPlatforms) = preSolution
		Debug|Any CPU = Debug|Any CPU
		Release|Any CPU = Release|Any CPU
	EndGlobalSection
	GlobalSection(ProjectConfigurationPlatforms) = postSolution
		{888A5D0E-320B-4782-A574-BDA394CF28D6}.Debug|Any CPU.ActiveCfg = Debug|Any CPU
		{888A5D0E-320B-4782-A574-BDA394CF28D6}.Debug|Any CPU.Build.0 = Debug|Any CPU
		{888A5D0E-320B-4782-A574-BDA394CF28D6}.Release|Any CPU.ActiveCfg = Release|Any CPU
		{888A5D0E-320B-4782-A574-BDA394CF28D6}.Release|Any CPU.Build.0 = Release|Any CPU
	EndGlobalSection
	GlobalSection(SolutionProperties) = preSolution
		HideSolutionNode = FALSE
	EndGlobalSection
	GlobalSection(ExtensibilityGlobals) = postSolution
		SolutionGuid = {21B2999B-2B8F-41BE-BC58-F1AC89972C88}
	EndGlobalSection
EndGlobal
